{
  "name": "@scure/bip39",
  "version": "1.1.0",
  "lockfileVersion": 2,
  "requires": true,
  "packages": {
    "": {
      "name": "@scure/bip39",
      "version": "1.1.0",
      "funding": [
        {
          "type": "individual",
          "url": "https://paulmillr.com/funding/"
        }
      ],
      "license": "MIT",
      "dependencies": {
        "@noble/hashes": "~1.2.0",
        "@scure/base": "~1.1.0"
      },
      "devDependencies": {
        "micro-should": "0.4.0",
        "prettier": "2.6.2",
        "typescript": "4.7.3"
      }
    },
    "node_modules/@noble/hashes": {
      "version": "1.2.0",
      "resolved": "https://registry.npmjs.org/@noble/hashes/-/hashes-1.2.0.tgz",
      "integrity": "sha512-FZfhjEDbT5GRswV3C6uvLPHMiVD6lQBmpoX5+eSiPaMTXte/IKqI5dykDxzZB/WBeK/CDuQRBWarPdi3FNY2zQ==",
      "funding": [
        {
          "type": "individual",
          "url": "https://paulmillr.com/funding/"
        }
      ]
    },
    "node_modules/@scure/base": {
      "version": "1.1.1",
      "resolved": "https://registry.npmjs.org/@scure/base/-/base-1.1.1.tgz",
      "integrity": "sha512-ZxOhsSyxYwLJj3pLZCefNitxsj093tb2vq90mp2txoYeBqbcjDjqFhyM8eUjq/uFm6zJ+mUuqxlS2FkuSY1MTA==",
      "funding": [
        {
          "type": "individual",
          "url": "https://paulmillr.com/funding/"
        }
      ]
    },
    "node_modules/micro-should": {
      "version": "0.4.0",
      "resolved": "https://registry.npmjs.org/micro-should/-/micro-should-0.4.0.tgz",
      "integrity": "sha512-Vclj8yrngSYc9Y3dL2C+AdUlTkyx/syWc4R7LYfk4h7+icfF0DoUBGjjUIaEDzZA19RzoI+Hg8rW9IRoNGP0tQ==",
      "dev": true
    },
    "node_modules/prettier": {
      "version": "2.6.2",
      "resolved": "https://registry.npmjs.org/prettier/-/prettier-2.6.2.tgz",
      "integrity": "sha512-PkUpF+qoXTqhOeWL9fu7As8LXsIUZ1WYaJiY/a7McAQzxjk82OF0tibkFXVCDImZtWxbvojFjerkiLb0/q8mew==",
      "dev": true,
      "bin": {
        "prettier": "bin-prettier.js"
      },
      "engines": {
        "node": ">=10.13.0"
      },
      "funding": {
        "url": "https://github.com/prettier/prettier?sponsor=1"
      }
    },
    "node_modules/typescript": {
      "version": "4.7.3",
      "resolved": "https://registry.npmjs.org/typescript/-/typescript-4.7.3.tgz",
      "integrity": "sha512-WOkT3XYvrpXx4vMMqlD+8R8R37fZkjyLGlxavMc4iB8lrl8L0DeTcHbYgw/v0N/z9wAFsgBhcsF0ruoySS22mA==",
      "dev": true,
      "bin": {
        "tsc": "bin/tsc",
        "tsserver": "bin/tsserver"
      },
      "engines": {
        "node": ">=4.2.0"
      }
    }
  },
  "dependencies": {
    "@noble/hashes": {
      "version": "1.2.0",
      "resolved": "https://registry.npmjs.org/@noble/hashes/-/hashes-1.2.0.tgz",
      "integrity": "sha512-FZfhjEDbT5GRswV3C6uvLPHMiVD6lQBmpoX5+eSiPaMTXte/IKqI5dykDxzZB/WBeK/CDuQRBWarPdi3FNY2zQ=="
    },
    "@scure/base": {
      "version": "1.1.1",
      "resolved": "https://registry.npmjs.org/@scure/base/-/base-1.1.1.tgz",
      "integrity": "sha512-ZxOhsSyxYwLJj3pLZCefNitxsj093tb2vq90mp2txoYeBqbcjDjqFhyM8eUjq/uFm6zJ+mUuqxlS2FkuSY1MTA=="
    },
    "micro-should": {
      "version": "0.4.0",
      "resolved": "https://registry.npmjs.org/micro-should/-/micro-should-0.4.0.tgz",
      "integrity": "sha512-Vclj8yrngSYc9Y3dL2C+AdUlTkyx/syWc4R7LYfk4h7+icfF0DoUBGjjUIaEDzZA19RzoI+Hg8rW9IRoNGP0tQ==",
      "dev": true
    },
    "prettier": {
      "version": "2.6.2",
      "resolved": "https://registry.npmjs.org/prettier/-/prettier-2.6.2.tgz",
      "integrity": "sha512-PkUpF+qoXTqhOeWL9fu7As8LXsIUZ1WYaJiY/a7McAQzxjk82OF0tibkFXVCDImZtWxbvojFjerkiLb0/q8mew==",
      "dev": true
    },
    "typescript": {
      "version": "4.7.3",
      "resolved": "https://registry.npmjs.org/typescript/-/typescript-4.7.3.tgz",
      "integrity": "sha512-WOkT3XYvrpXx4vMMqlD+8R8R37fZkjyLGlxavMc4iB8lrl8L0DeTcHbYgw/v0N/z9wAFsgBhcsF0ruoySS22mA==",
      "dev": true
    }
  }
}
